
Microsoft Visual Studio Solution File, Format Version 12.00
# Visual Studio Version 18
VisualStudioVersion = 18.0.11205.157 d18.0
MinimumVisualStudioVersion = 10.0.40219.1
Project("{FAE04EC0-301F-11D3-BF4B-00C04F79EFBC}") = "WebApi", "WebApi\WebApi.csproj", "{13B1FC0C-19F0-482D-90BF-84708767CF53}"
EndProject
Project("{FAE04EC0-301F-11D3-BF4B-00C04F79EFBC}") = "DatabaseLibrary", "DatabaseLibrary\DatabaseLibrary.csproj", "{C14AD5D9-ABE4-456E-828D-3F359523AA32}"
EndProject
Project("{FAE04EC0-301F-11D3-BF4B-00C04F79EFBC}") = "TokenGenerator", "TokenGenerator\TokenGenerator.csproj", "{03868D2D-BFA3-4EB1-9468-9BDBD377AA6E}"
EndProject
Global
	GlobalSection(SolutionConfigurationPlatforms) = preSolution
		Debug|Any CPU = Debug|Any CPU
		Release|Any CPU = Release|Any CPU
	EndGlobalSection
	GlobalSection(ProjectConfigurationPlatforms) = postSolution
		{13B1FC0C-19F0-482D-90BF-84708767CF53}.Debug|Any CPU.ActiveCfg = Debug|Any CPU
		{13B1FC0C-19F0-482D-90BF-84708767CF53}.Debug|Any CPU.Build.0 = Debug|Any CPU
		{13B1FC0C-19F0-482D-90BF-84708767CF53}.Release|Any CPU.ActiveCfg = Release|Any CPU
		{13B1FC0C-19F0-482D-90BF-84708767CF53}.Release|Any CPU.Build.0 = Release|Any CPU
		{C14AD5D9-ABE4-456E-828D-3F359523AA32}.Debug|Any CPU.ActiveCfg = Debug|Any CPU
		{C14AD5D9-ABE4-456E-828D-3F359523AA32}.Debug|Any CPU.Build.0 = Debug|Any CPU
		{C14AD5D9-ABE4-456E-828D-3F359523AA32}.Release|Any CPU.ActiveCfg = Release|Any CPU
		{C14AD5D9-ABE4-456E-828D-3F359523AA32}.Release|Any CPU.Build.0 = Release|Any CPU
		{03868D2D-BFA3-4EB1-9468-9BDBD377AA6E}.Debug|Any CPU.ActiveCfg = Debug|Any CPU
		{03868D2D-BFA3-4EB1-9468-9BDBD377AA6E}.Debug|Any CPU.Build.0 = Debug|Any CPU
		{03868D2D-BFA3-4EB1-9468-9BDBD377AA6E}.Release|Any CPU.ActiveCfg = Release|Any CPU
		{03868D2D-BFA3-4EB1-9468-9BDBD377AA6E}.Release|Any CPU.Build.0 = Release|Any CPU
	EndGlobalSection
	GlobalSection(SolutionProperties) = preSolution
		HideSolutionNode = FALSE
	EndGlobalSection
	GlobalSection(ExtensibilityGlobals) = postSolution
		SolutionGuid = {DB1E23E1-7140-49B7-AB66-916BAB571BEF}
	EndGlobalSection
EndGlobal
